// !$*UTF8*$!
{
	archiveVersion = 1;
	classes = {
	};
	objectVersion = 56;
	objects = {

/* Begin PBXBuildFile section */
		0A1234561234567800000001 /* VaquitaWatchApp.swift in Sources */ = {isa = PBXBuildFile; fileRef = 0A1234561234567800000002 /* VaquitaWatchApp.swift */; };
		0A1234561234567800000003 /* ContentView.swift in Sources */ = {isa = PBXBuildFile; fileRef = 0A1234561234567800000004 /* ContentView.swift */; };
		0A1234561234567800000005 /* Assets.xcassets in Resources */ = {isa = PBXBuildFile; fileRef = 0A1234561234567800000006 /* Assets.xcassets */; };
		0A1234561234567800000007 /* Preview Assets.xcassets in Resources */ = {isa = PBXBuildFile; fileRef = 0A1234561234567800000008 /* Preview Assets.xcassets */; };
		0A1234561234567800000009 /* AppState.swift in Sources */ = {isa = PBXBuildFile; fileRef = 0A1234561234567800000010 /* AppState.swift */; };
		0A1234561234567800000011 /* VaquitaFact.swift in Sources */ = {isa = PBXBuildFile; fileRef = 0A1234561234567800000012 /* VaquitaFact.swift */; };
		0A1234561234567800000013 /* VaquitaAvatar.swift in Sources */ = {isa = PBXBuildFile; fileRef = 0A1234561234567800000014 /* VaquitaAvatar.swift */; };
		0A1234561234567800000015 /* Challenge.swift in Sources */ = {isa = PBXBuildFile; fileRef = 0A1234561234567800000016 /* Challenge.swift */; };
		0A1234561234567800000017 /* Partner.swift in Sources */ = {isa = PBXBuildFile; fileRef = 0A1234561234567800000018 /* Partner.swift */; };
		0A1234561234567800000019 /* HomeView.swift in Sources */ = {isa = PBXBuildFile; fileRef = 0A1234561234567800000020 /* HomeView.swift */; };
		0A1234561234567800000021 /* VaquitaAvatarView.swift in Sources */ = {isa = PBXBuildFile; fileRef = 0A1234561234567800000022 /* VaquitaAvatarView.swift */; };
		0A1234561234567800000023 /* ChallengesView.swift in Sources */ = {isa = PBXBuildFile; fileRef = 0A1234561234567800000024 /* ChallengesView.swift */; };
		0A1234561234567800000025 /* MapView.swift in Sources */ = {isa = PBXBuildFile; fileRef = 0A1234561234567800000026 /* MapView.swift */; };
		0A1234561234567800000027 /* MissionView.swift in Sources */ = {isa = PBXBuildFile; fileRef = 0A1234561234567800000028 /* MissionView.swift */; };
		0A1234561234567800000029 /* Colors.swift in Sources */ = {isa = PBXBuildFile; fileRef = 0A1234561234567800000030 /* Colors.swift */; };
		1A05C4402D98DA1D0022B6D2 /* FactData.swift in Sources */ = {isa = PBXBuildFile; fileRef = 1A05C43F2D98DA1D0022B6D2 /* FactData.swift */; };
/* End PBXBuildFile section */

/* Begin PBXFileReference section */
		0A1234561234567800000002 /* VaquitaWatchApp.swift */ = {isa = PBXFileReference; lastKnownFileType = sourcecode.swift; path = VaquitaWatchApp.swift; sourceTree = "<group>"; };
		0A1234561234567800000004 /* ContentView.swift */ = {isa = PBXFileReference; lastKnownFileType = sourcecode.swift; path = ContentView.swift; sourceTree = "<group>"; };
		0A1234561234567800000006 /* Assets.xcassets */ = {isa = PBXFileReference; lastKnownFileType = folder.assetcatalog; path = Assets.xcassets; sourceTree = "<group>"; };
		0A1234561234567800000008 /* Preview Assets.xcassets */ = {isa = PBXFileReference; lastKnownFileType = folder.assetcatalog; path = "Preview Assets.xcassets"; sourceTree = "<group>"; };
		0A1234561234567800000010 /* AppState.swift */ = {isa = PBXFileReference; lastKnownFileType = sourcecode.swift; path = AppState.swift; sourceTree = "<group>"; };
		0A1234561234567800000012 /* VaquitaFact.swift */ = {isa = PBXFileReference; lastKnownFileType = sourcecode.swift; path = VaquitaFact.swift; sourceTree = "<group>"; };
		0A1234561234567800000014 /* VaquitaAvatar.swift */ = {isa = PBXFileReference; lastKnownFileType = sourcecode.swift; path = VaquitaAvatar.swift; sourceTree = "<group>"; };
		0A1234561234567800000016 /* Challenge.swift */ = {isa = PBXFileReference; lastKnownFileType = sourcecode.swift; path = Challenge.swift; sourceTree = "<group>"; };
		0A1234561234567800000018 /* Partner.swift */ = {isa = PBXFileReference; lastKnownFileType = sourcecode.swift; path = Partner.swift; sourceTree = "<group>"; };
		0A1234561234567800000020 /* HomeView.swift */ = {isa = PBXFileReference; lastKnownFileType = sourcecode.swift; path = HomeView.swift; sourceTree = "<group>"; };
		0A1234561234567800000022 /* VaquitaAvatarView.swift */ = {isa = PBXFileReference; lastKnownFileType = sourcecode.swift; path = VaquitaAvatarView.swift; sourceTree = "<group>"; };
		0A1234561234567800000024 /* ChallengesView.swift */ = {isa = PBXFileReference; lastKnownFileType = sourcecode.swift; path = ChallengesView.swift; sourceTree = "<group>"; };
		0A1234561234567800000026 /* MapView.swift */ = {isa = PBXFileReference; lastKnownFileType = sourcecode.swift; path = MapView.swift; sourceTree = "<group>"; };
		0A1234561234567800000028 /* MissionView.swift */ = {isa = PBXFileReference; lastKnownFileType = sourcecode.swift; path = MissionView.swift; sourceTree = "<group>"; };
		0A1234561234567800000030 /* Colors.swift */ = {isa = PBXFileReference; lastKnownFileType = sourcecode.swift; path = Colors.swift; sourceTree = "<group>"; };
		0A1234561234567800000031 /* VaquitaWatch.app */ = {isa = PBXFileReference; explicitFileType = wrapper.application; includeInIndex = 0; path = VaquitaWatch.app; sourceTree = BUILT_PRODUCTS_DIR; };
		1A05C43F2D98DA1D0022B6D2 /* FactData.swift */ = {isa = PBXFileReference; lastKnownFileType = sourcecode.swift; path = FactData.swift; sourceTree = "<group>"; };
/* End PBXFileReference section */

/* Begin PBXFrameworksBuildPhase section */
		0A1234561234567800000032 /* Frameworks */ = {
			isa = PBXFrameworksBuildPhase;
			buildActionMask = 2147483647;
			files = (
			);
			runOnlyForDeploymentPostprocessing = 0;
		};
/* End PBXFrameworksBuildPhase section */

/* Begin PBXGroup section */
		0A1234561234567800000033 /* Products */ = {
			isa = PBXGroup;
			children = (
				0A1234561234567800000031 /* VaquitaWatch.app */,
			);
			name = Products;
			sourceTree = "<group>";
		};
		0A1234561234567800000034 /* VaquitaWatch */ = {
			isa = PBXGroup;
			children = (
				0A1234561234567800000002 /* VaquitaWatchApp.swift */,
				0A1234561234567800000035 /* Models */,
				0A1234561234567800000036 /* Views */,
				0A1234561234567800000037 /* Utilities */,
				0A1234561234567800000006 /* Assets.xcassets */,
				0A1234561234567800000038 /* Preview Content */,
			);
			path = VaquitaWatch;
			sourceTree = "<group>";
		};
		0A1234561234567800000035 /* Models */ = {
			isa = PBXGroup;
			children = (
				0A1234561234567800000010 /* AppState.swift */,
				0A1234561234567800000012 /* VaquitaFact.swift */,
				0A1234561234567800000014 /* VaquitaAvatar.swift */,
				1A05C43F2D98DA1D0022B6D2 /* FactData.swift */,
				0A1234561234567800000016 /* Challenge.swift */,
				0A1234561234567800000018 /* Partner.swift */,
			);
			path = Models;
			sourceTree = "<group>";
		};
		0A1234561234567800000036 /* Views */ = {
			isa = PBXGroup;
			children = (
				0A1234561234567800000004 /* ContentView.swift */,
				0A1234561234567800000020 /* HomeView.swift */,
				0A1234561234567800000022 /* VaquitaAvatarView.swift */,
				0A1234561234567800000024 /* ChallengesView.swift */,
				0A1234561234567800000026 /* MapView.swift */,
				0A1234561234567800000028 /* MissionView.swift */,
			);
			path = Views;
			sourceTree = "<group>";
		};
		0A1234561234567800000037 /* Utilities */ = {
			isa = PBXGroup;
			children = (
				0A1234561234567800000030 /* Colors.swift */,
			);
			path = Utilities;
			sourceTree = "<group>";
		};
		0A1234561234567800000038 /* Preview Content */ = {
			isa = PBXGroup;
			children = (
				0A1234561234567800000008 /* Preview Assets.xcassets */,
			);
			path = "Preview Content";
			sourceTree = "<group>";
		};
		0A1234561234567800000039 = {
			isa = PBXGroup;
			children = (
				0A1234561234567800000034 /* VaquitaWatch */,
				0A1234561234567800000033 /* Products */,
			);
			sourceTree = "<group>";
		};
/* End PBXGroup section */

/* Begin PBXNativeTarget section */
		0A1234561234567800000040 /* VaquitaWatch */ = {
			isa = PBXNativeTarget;
			buildConfigurationList = 0A1234561234567800000041 /* Build configuration list for PBXNativeTarget "VaquitaWatch" */;
			buildPhases = (
				0A1234561234567800000042 /* Sources */,
				0A1234561234567800000032 /* Frameworks */,
				0A1234561234567800000043 /* Resources */,
			);
			buildRules = (
			);
			dependencies = (
			);
			name = VaquitaWatch;
			productName = VaquitaWatch;
			productReference = 0A1234561234567800000031 /* VaquitaWatch.app */;
			productType = "com.apple.product-type.application";
		};
/* End PBXNativeTarget section */

/* Begin PBXProject section */
		0A1234561234567800000044 /* Project object */ = {
			isa = PBXProject;
			attributes = {
				BuildIndependentTargetsInParallel = 1;
				LastSwiftUpdateCheck = 1500;
				LastUpgradeCheck = 1500;
				TargetAttributes = {
					0A1234561234567800000040 = {
						CreatedOnToolsVersion = 15.0;
					};
				};
			};
			buildConfigurationList = 0A1234561234567800000045 /* Build configuration list for PBXProject "VaquitaWatch" */;
			compatibilityVersion = "Xcode 14.0";
			developmentRegion = en;
			hasScannedForEncodings = 0;
			knownRegions = (
				en,
				Base,
			);
			mainGroup = 0A1234561234567800000039;
			productRefGroup = 0A1234561234567800000033 /* Products */;
			projectDirPath = "";
			projectRoot = "";
			targets = (
				0A1234561234567800000040 /* VaquitaWatch */,
			);
		};
/* End PBXProject section */

/* Begin PBXResourcesBuildPhase section */
		0A1234561234567800000043 /* Resources */ = {
			isa = PBXResourcesBuildPhase;
			buildActionMask = 2147483647;
			files = (
				0A1234561234567800000007 /* Preview Assets.xcassets in Resources */,
				0A1234561234567800000005 /* Assets.xcassets in Resources */,
			);
			runOnlyForDeploymentPostprocessing = 0;
		};
/* End PBXResourcesBuildPhase section */

/* Begin PBXSourcesBuildPhase section */
		0A1234561234567800000042 /* Sources */ = {
			isa = PBXSourcesBuildPhase;
			buildActionMask = 2147483647;
			files = (
				0A1234561234567800000009 /* AppState.swift in Sources */,
				0A1234561234567800000019 /* HomeView.swift in Sources */,
				0A1234561234567800000003 /* ContentView.swift in Sources */,
				0A1234561234567800000011 /* VaquitaFact.swift in Sources */,
				0A1234561234567800000013 /* VaquitaAvatar.swift in Sources */,
				0A1234561234567800000021 /* VaquitaAvatarView.swift in Sources */,
				0A1234561234567800000023 /* ChallengesView.swift in Sources */,
				0A1234561234567800000025 /* MapView.swift in Sources */,
				0A1234561234567800000027 /* MissionView.swift in Sources */,
				1A05C4402D98DA1D0022B6D2 /* FactData.swift in Sources */,
				0A1234561234567800000015 /* Challenge.swift in Sources */,
				0A1234561234567800000017 /* Partner.swift in Sources */,
				0A1234561234567800000029 /* Colors.swift in Sources */,
				0A1234561234567800000001 /* VaquitaWatchApp.swift in Sources */,
			);
			runOnlyForDeploymentPostprocessing = 0;
		};
/* End PBXSourcesBuildPhase section */

/* Begin XCBuildConfiguration section */
		0A1234561234567800000046 /* Debug */ = {
			isa = XCBuildConfiguration;
			buildSettings = {
				ALWAYS_SEARCH_USER_PATHS = NO;
				ASSETCATALOG_COMPILER_GENERATE_SWIFT_ASSET_SYMBOL_EXTENSIONS = YES;
				CLANG_ANALYZER_NONNULL = YES;
				CLANG_ANALYZER_NUMBER_OBJECT_CONVERSION = YES_AGGRESSIVE;
				CLANG_CXX_LANGUAGE_STANDARD = "gnu++20";
				CLANG_ENABLE_MODULES = YES;
				CLANG_ENABLE_OBJC_ARC = YES;
				CLANG_ENABLE_OBJC_WEAK = YES;
				CLANG_WARN_BLOCK_CAPTURE_AUTORELEASING = YES;
				CLANG_WARN_BOOL_CONVERSION = YES;
				CLANG_WARN_COMMA = YES;
				CLANG_WARN_CONSTANT_CONVERSION = YES;
				CLANG_WARN_DEPRECATED_OBJC_IMPLEMENTATIONS = YES;
				CLANG_WARN_DIRECT_OBJC_ISA_USAGE = YES_ERROR;
				CLANG_WARN_DOCUMENTATION_COMMENTS = YES;
				CLANG_WARN_EMPTY_BODY = YES;
				CLANG_WARN_ENUM_CONVERSION = YES;
				CLANG_WARN_INFINITE_RECURSION = YES;
				CLANG_WARN_INT_CONVERSION = YES;
				CLANG_WARN_NON_LITERAL_NULL_CONVERSION = YES;
				CLANG_WARN_OBJC_IMPLICIT_RETAIN_SELF = YES;
				CLANG_WARN_OBJC_LITERAL_CONVERSION = YES;
				CLANG_WARN_OBJC_ROOT_CLASS = YES_ERROR;
				CLANG_WARN_QUOTED_INCLUDE_IN_FRAMEWORK_HEADER = YES;
				CLANG_WARN_RANGE_LOOP_ANALYSIS = YES;
				CLANG_WARN_STRICT_PROTOTYPES = YES;
				CLANG_WARN_SUSPICIOUS_MOVE = YES;
				CLANG_WARN_UNGUARDED_AVAILABILITY = YES_AGGRESSIVE;
				CLANG_WARN_UNREACHABLE_CODE = YES;
				CLANG_WARN__DUPLICATE_METHOD_MATCH = YES;
				COPY_PHASE_STRIP = NO;
				DEBUG_INFORMATION_FORMAT = dwarf;
				ENABLE_STRICT_OBJC_MSGSEND = YES;
				ENABLE_TESTABILITY = YES;
				ENABLE_USER_SCRIPT_SANDBOXING = YES;
				GCC_C_LANGUAGE_STANDARD = gnu17;
				GCC_DYNAMIC_NO_PIC = NO;
				GCC_NO_COMMON_BLOCKS = YES;
				GCC_OPTIMIZATION_LEVEL = 0;
				GCC_PREPROCESSOR_DEFINITIONS = (
					"DEBUG=1",
					"$(inherited)",
				);
				GCC_WARN_64_TO_32_BIT_CONVERSION = YES;
				GCC_WARN_ABOUT_RETURN_TYPE = YES_ERROR;
				GCC_WARN_UNDECLARED_SELECTOR = YES;
				GCC_WARN_UNINITIALIZED_AUTOS = YES_AGGRESSIVE;
				GCC_WARN_UNUSED_FUNCTION = YES;
				GCC_WARN_UNUSED_VARIABLE = YES;
				IPHONEOS_DEPLOYMENT_TARGET = 15.0;
				LOCALIZATION_PREFERS_STRING_CATALOGS = YES;
				MTL_ENABLE_DEBUG_INFO = INCLUDE_SOURCE;
				MTL_FAST_MATH = YES;
				ONLY_ACTIVE_ARCH = YES;
				SDKROOT = iphoneos;
				SWIFT_ACTIVE_COMPILATION_CONDITIONS = "DEBUG $(inherited)";
				SWIFT_OPTIMIZATION_LEVEL = "-Onone";
			};
			name = Debug;
		};
		0A1234561234567800000047 /* Release */ = {
			isa = XCBuildConfiguration;
			buildSettings = {
				ALWAYS_SEARCH_USER_PATHS = NO;
				ASSETCATALOG_COMPILER_GENERATE_SWIFT_ASSET_SYMBOL_EXTENSIONS = YES;
				CLANG_ANALYZER_NONNULL = YES;
				CLANG_ANALYZER_NUMBER_OBJECT_CONVERSION = YES_AGGRESSIVE;
				CLANG_CXX_LANGUAGE_STANDARD = "gnu++20";
				CLANG_ENABLE_MODULES = YES;
				CLANG_ENABLE_OBJC_ARC = YES;
				CLANG_ENABLE_OBJC_WEAK = YES;
				CLANG_WARN_BLOCK_CAPTURE_AUTORELEASING = YES;
				CLANG_WARN_BOOL_CONVERSION = YES;
				CLANG_WARN_COMMA = YES;
				CLANG_WARN_CONSTANT_CONVERSION = YES;
				CLANG_WARN_DEPRECATED_OBJC_IMPLEMENTATIONS = YES;
				CLANG_WARN_DIRECT_OBJC_ISA_USAGE = YES_ERROR;
				CLANG_WARN_DOCUMENTATION_COMMENTS = YES;
				CLANG_WARN_EMPTY_BODY = YES;
				CLANG_WARN_ENUM_CONVERSION = YES;
				CLANG_WARN_INFINITE_RECURSION = YES;
				CLANG_WARN_INT_CONVERSION = YES;
				CLANG_WARN_NON_LITERAL_NULL_CONVERSION = YES;
				CLANG_WARN_OBJC_IMPLICIT_RETAIN_SELF = YES;
				CLANG_WARN_OBJC_LITERAL_CONVERSION = YES;
				CLANG_WARN_OBJC_ROOT_CLASS = YES_ERROR;
				CLANG_WARN_QUOTED_INCLUDE_IN_FRAMEWORK_HEADER = YES;
				CLANG_WARN_RANGE_LOOP_ANALYSIS = YES;
				CLANG_WARN_STRICT_PROTOTYPES = YES;
				CLANG_WARN_SUSPICIOUS_MOVE = YES;
				CLANG_WARN_UNGUARDED_AVAILABILITY = YES_AGGRESSIVE;
				CLANG_WARN_UNREACHABLE_CODE = YES;
				CLANG_WARN__DUPLICATE_METHOD_MATCH = YES;
				COPY_PHASE_STRIP = NO;
				DEBUG_INFORMATION_FORMAT = "dwarf-with-dsym";
				ENABLE_NS_ASSERTIONS = NO;
				ENABLE_STRICT_OBJC_MSGSEND = YES;
				ENABLE_USER_SCRIPT_SANDBOXING = YES;
				GCC_C_LANGUAGE_STANDARD = gnu17;
				GCC_NO_COMMON_BLOCKS = YES;
				GCC_WARN_64_TO_32_BIT_CONVERSION = YES;
				GCC_WARN_ABOUT_RETURN_TYPE = YES_ERROR;
				GCC_WARN_UNDECLARED_SELECTOR = YES;
				GCC_WARN_UNINITIALIZED_AUTOS = YES_AGGRESSIVE;
				GCC_WARN_UNUSED_FUNCTION = YES;
				GCC_WARN_UNUSED_VARIABLE = YES;
				IPHONEOS_DEPLOYMENT_TARGET = 15.0;
				LOCALIZATION_PREFERS_STRING_CATALOGS = YES;
				MTL_ENABLE_DEBUG_INFO = NO;
				MTL_FAST_MATH = YES;
				SDKROOT = iphoneos;
				SWIFT_COMPILATION_MODE = wholemodule;
				VALIDATE_PRODUCT = YES;
			};
			name = Release;
		};
		0A1234561234567800000048 /* Debug */ = {
			isa = XCBuildConfiguration;
			buildSettings = {
				ASSETCATALOG_COMPILER_APPICON_NAME = AppIcon;
				ASSETCATALOG_COMPILER_GLOBAL_ACCENT_COLOR_NAME = AccentColor;
				CODE_SIGN_STYLE = Automatic;
				CURRENT_PROJECT_VERSION = 1;
				DEVELOPMENT_ASSET_PATHS = "\"VaquitaWatch/Preview Content\"";
				ENABLE_PREVIEWS = YES;
				GENERATE_INFOPLIST_FILE = YES;
				INFOPLIST_KEY_UIApplicationSceneManifest_Generation = YES;
				INFOPLIST_KEY_UIApplicationSupportsIndirectInputEvents = YES;
				INFOPLIST_KEY_UILaunchScreen_Generation = YES;
				INFOPLIST_KEY_UISupportedInterfaceOrientations_iPad = "UIInterfaceOrientationPortrait UIInterfaceOrientationPortraitUpsideDown UIInterfaceOrientationLandscapeLeft UIInterfaceOrientationLandscapeRight";
				INFOPLIST_KEY_UISupportedInterfaceOrientations_iPhone = "UIInterfaceOrientationPortrait UIInterfaceOrientationLandscapeLeft UIInterfaceOrientationLandscapeRight";
				IPHONEOS_DEPLOYMENT_TARGET = 15.0;
				LD_RUNPATH_SEARCH_PATHS = (
					"$(inherited)",
					"@executable_path/Frameworks",
				);
				MARKETING_VERSION = 1.0;
				PRODUCT_BUNDLE_IDENTIFIER = com.example.VaquitaWatch;
				PRODUCT_NAME = "$(TARGET_NAME)";
				SWIFT_EMIT_LOC_STRINGS = YES;
				SWIFT_VERSION = 5.0;
				TARGETED_DEVICE_FAMILY = "1,2";
			};
			name = Debug;
		};
		0A1234561234567800000049 /* Release */ = {
			isa = XCBuildConfiguration;
			buildSettings = {
				ASSETCATALOG_COMPILER_APPICON_NAME = AppIcon;
				ASSETCATALOG_COMPILER_GLOBAL_ACCENT_COLOR_NAME = AccentColor;
				CODE_SIGN_STYLE = Automatic;
				CURRENT_PROJECT_VERSION = 1;
				DEVELOPMENT_ASSET_PATHS = "\"VaquitaWatch/Preview Content\"";
				ENABLE_PREVIEWS = YES;
				GENERATE_INFOPLIST_FILE = YES;
				INFOPLIST_KEY_UIApplicationSceneManifest_Generation = YES;
				INFOPLIST_KEY_UIApplicationSupportsIndirectInputEvents = YES;
				INFOPLIST_KEY_UILaunchScreen_Generation = YES;
				INFOPLIST_KEY_UISupportedInterfaceOrientations_iPad = "UIInterfaceOrientationPortrait UIInterfaceOrientationPortraitUpsideDown UIInterfaceOrientationLandscapeLeft UIInterfaceOrientationLandscapeRight";
				INFOPLIST_KEY_UISupportedInterfaceOrientations_iPhone = "UIInterfaceOrientationPortrait UIInterfaceOrientationLandscapeLeft UIInterfaceOrientationLandscapeRight";
				IPHONEOS_DEPLOYMENT_TARGET = 15.0;
				LD_RUNPATH_SEARCH_PATHS = (
					"$(inherited)",
					"@executable_path/Frameworks",
				);
				MARKETING_VERSION = 1.0;
				PRODUCT_BUNDLE_IDENTIFIER = com.example.VaquitaWatch;
				PRODUCT_NAME = "$(TARGET_NAME)";
				SWIFT_EMIT_LOC_STRINGS = YES;
				SWIFT_VERSION = 5.0;
				TARGETED_DEVICE_FAMILY = "1,2";
			};
			name = Release;
		};
/* End XCBuildConfiguration section */

/* Begin XCConfigurationList section */
		0A1234561234567800000041 /* Build configuration list for PBXNativeTarget "VaquitaWatch" */ = {
			isa = XCConfigurationList;
			buildConfigurations = (
				0A1234561234567800000048 /* Debug */,
				0A1234561234567800000049 /* Release */,
			);
			defaultConfigurationIsVisible = 0;
			defaultConfigurationName = Release;
		};
		0A1234561234567800000045 /* Build configuration list for PBXProject "VaquitaWatch" */ = {
			isa = XCConfigurationList;
			buildConfigurations = (
				0A1234561234567800000046 /* Debug */,
				0A1234561234567800000047 /* Release */,
			);
			defaultConfigurationIsVisible = 0;
			defaultConfigurationName = Release;
		};
/* End XCConfigurationList section */
	};
	rootObject = 0A1234561234567800000044 /* Project object */;
}
